dependencies:
  espressif/button:
    component_hash: d0afa32f0e50d60bc0c6fc23f7eea98adc6b02cfe70b590bc52c23c506745287
    dependencies:
    - name: espressif/cmake_utilities
      registry_url: https://components.espressif.com
      require: private
      version: '*'
    - name: idf
      require: private
      version: '>=4.0'
    source:
      registry_url: https://components.espressif.com/
      type: service
    version: 4.1.6
  espressif/cmake_utilities:
    component_hash: 05165f30922b422b4b90c08845e6d449329b97370fbd06309803d8cb539d79e3
    dependencies:
    - name: idf
      require: private
      version: '>=4.1'
    source:
      registry_url: https://components.espressif.com
      type: service
    version: 1.1.1
  espressif/esp_lvgl_port:
    component_hash: b6360960f47b6776462e7092861b3ea66477ffb762a01baa0aecbb3d74cd50f4
    dependencies:
    - name: idf
      require: private
      version: '>=5.1'
    - name: lvgl/lvgl
      registry_url: https://components.espressif.com
      require: public
      version: '>=8,<10'
    source:
      registry_url: https://components.espressif.com/
      type: service
    version: 2.7.2
  idf:
    source:
      type: idf
    version: 6.0.1
  lvgl/lvgl:
    component_hash: 184e532558c1c45fefed631f3e235423d22582aafb4630f3e8885c35281a49ae
    dependencies: []
    source:
      registry_url: https://components.espressif.com/
      type: service
    version: 9.5.0
  lwgps:
    component_hash: 673cd4713b1c44bbc24d98919cbcff4c7f63fd9f387b3f6c72d74d0c16a24b9d
    dependencies:
    - name: idf
      version: '>=5.0'
    source:
      git: https://github.com/urwrstkn8mare/lwgps.git
      path: .
      type: git
    version: 7331992db8fd1975d3e6d3d559ba6e3d29add2e2
  tdisplays3:
    component_hash: f3ad62e0ecc49c097ab175d15b420ec751dc5881af74730cedc01bf4699509e0
    dependencies:
    - name: espressif/esp_lvgl_port
      version: ^2.6.2
    - name: espressif/button
      version: ^4.1.4
    - name: lvgl/lvgl
      public: true
      version: ^9
    source:
      git: https://github.com/urwrstkn8mare/esp-idf-t-display-s3.git
      path: components/tdisplays3
      type: git
    version: 49fe7936c1abee730f29ab6f446887c9b123c305
direct_dependencies:
- idf
- lwgps
- tdisplays3
manifest_hash: a76e6a43718bfc4e5d457a046b64582070e657c3c89f96443a6e13ba3dc1e8ef
target: esp32s3
version: 3.0.0
