dependencies:
  a02yyuw:
    component_hash: e8482d8ccee1c5e8a0f178580d05ee9ae7753a75e0e1ab83bf04e3f87436738e
    dependencies: []
    source:
      git: https://github.com/SiriusBrightstar/ESP_IDF_A02YYUW.git
      path: components/a02yyuw
      type: git
    version: ef554387861825a4eb2001d176154612082bcb04
  espressif/button:
    component_hash: d0afa32f0e50d60bc0c6fc23f7eea98adc6b02cfe70b590bc52c23c506745287
    dependencies:
    - name: espressif/cmake_utilities
      registry_url: https://components.espressif.com
      require: private
      version: '*'
    - name: idf
      require: private
      version: '>=4.0'
    source:
      registry_url: https://components.espressif.com/
      type: service
    version: 4.1.6
  espressif/cmake_utilities:
    component_hash: 05165f30922b422b4b90c08845e6d449329b97370fbd06309803d8cb539d79e3
    dependencies:
    - name: idf
      require: private
      version: '>=4.1'
    source:
      registry_url: https://components.espressif.com
      type: service
    version: 1.1.1
  espressif/esp_lvgl_port:
    component_hash: b6360960f47b6776462e7092861b3ea66477ffb762a01baa0aecbb3d74cd50f4
    dependencies:
    - name: idf
      require: private
      version: '>=5.1'
    - name: lvgl/lvgl
      registry_url: https://components.espressif.com
      require: public
      version: '>=8,<10'
    source:
      registry_url: https://components.espressif.com/
      type: service
    version: 2.7.2
  idf:
    source:
      type: idf
    version: 5.5.3
  lvgl/lvgl:
    component_hash: 184e532558c1c45fefed631f3e235423d22582aafb4630f3e8885c35281a49ae
    dependencies: []
    source:
      registry_url: https://components.espressif.com/
      type: service
    version: 9.5.0
  tdisplays3:
    component_hash: 48908329a6c656edf9800e883bbac6daa51bd2fc79c3652e906a82e0a6a4e655
    dependencies:
    - name: espressif/esp_lvgl_port
      version: ^2.6.2
    - name: espressif/button
      version: ^4.1.4
    - name: lvgl/lvgl
      public: true
      version: ^9
    source:
      git: https://github.com/urwrstkn8mare/esp-idf-t-display-s3.git
      path: components/tdisplays3
      type: git
    version: 4bbac4ad07d681b0ba6378ff33f397b9c9e7a56c
  urwrstkn8mare/icm20948:
    component_hash: 47b79dad79c5eef8dba54962fcea2662e25def10e79c391a4f6ab83a81a9f0ec
    dependencies:
    - name: idf
      version: '>=5.0'
    source:
      git: https://github.com/urwrstkn8mare/icm20948.git
      path: .
      type: git
    version: 2291deea2040778b482cfd39a2f425b029330145
direct_dependencies:
- a02yyuw
- espressif/button
- espressif/esp_lvgl_port
- idf
- lvgl/lvgl
- tdisplays3
- urwrstkn8mare/icm20948
manifest_hash: 655c585b9b1374a123e5a64b54981188d01199e1097cbb1d20faa64a5b7ef9bf
target: esp32s3
version: 2.0.0
