dependencies:
  idf:
    source:
      type: idf
    version: 5.5.3
  truita/mpu9250:
    component_hash: 3403bfddacef335397281d3191845d4e09c792e5fe62aff8689bcc67a388c645
    dependencies:
    - name: idf
      require: private
      version: '>=5.0'
    source:
      registry_url: https://components.espressif.com/
      type: service
    version: 1.0.1
direct_dependencies:
- idf
- truita/mpu9250
manifest_hash: 860c1ce26bc436253640eba863bf97f2bfad51345ab360ac84d03789ee8f2fa0
target: esp32s3
version: 2.0.0
